
Microsoft Visual Studio Solution File, Format Version 12.00
# Visual Studio 15
VisualStudioVersion = 15.0.27703.2042
MinimumVisualStudioVersion = 10.0.40219.1
Project("{FAE04EC0-301F-11D3-BF4B-00C04F79EFBC}") = "EdgeR", "EdgeR\EdgeR.csproj", "{29DB61FF-5CBE-4E04-807E-060DC862DE2D}"
EndProject
Global
	GlobalSection(SolutionConfigurationPlatforms) = preSolution
		Debug|Any CPU = Debug|Any CPU
		Release|Any CPU = Release|Any CPU
	EndGlobalSection
	GlobalSection(ProjectConfigurationPlatforms) = postSolution
		{29DB61FF-5CBE-4E04-807E-060DC862DE2D}.Debug|Any CPU.ActiveCfg = Debug|Any CPU
		{29DB61FF-5CBE-4E04-807E-060DC862DE2D}.Debug|Any CPU.Build.0 = Debug|Any CPU
		{29DB61FF-5CBE-4E04-807E-060DC862DE2D}.Release|Any CPU.ActiveCfg = Release|Any CPU
		{29DB61FF-5CBE-4E04-807E-060DC862DE2D}.Release|Any CPU.Build.0 = Release|Any CPU
	EndGlobalSection
	GlobalSection(SolutionProperties) = preSolution
		HideSolutionNode = FALSE
	EndGlobalSection
	GlobalSection(ExtensibilityGlobals) = postSolution
		SolutionGuid = {63EBC006-2808-47CF-87A5-88F7516B9198}
	EndGlobalSection
EndGlobal
